
Microsoft Visual Studio Solution File, Format Version 11.00
# Visual Studio 2010
Project("{FAE04EC0-301F-11D3-BF4B-00C04F79EFBC}") = "Dawn", "Dawn\Dawn.csproj", "{359F22D9-70C1-4D7A-A779-CD0E69699793}"
EndProject
Project("{00D1A9C2-B5F0-4AF3-8072-F6C62B433612}") = "DawnDB", "DawnDB\DawnDB.sqlproj", "{952451B0-5B41-4634-9868-400DD72A36B5}"
EndProject
Global
	GlobalSection(SolutionConfigurationPlatforms) = preSolution
		Debug|Any CPU = Debug|Any CPU
		Debug|x86 = Debug|x86
		Release|Any CPU = Release|Any CPU
		Release|x86 = Release|x86
	EndGlobalSection
	GlobalSection(ProjectConfigurationPlatforms) = postSolution
		{359F22D9-70C1-4D7A-A779-CD0E69699793}.Debug|Any CPU.ActiveCfg = Debug|Any CPU
		{359F22D9-70C1-4D7A-A779-CD0E69699793}.Debug|Any CPU.Build.0 = Debug|Any CPU
		{359F22D9-70C1-4D7A-A779-CD0E69699793}.Debug|x86.ActiveCfg = Debug|Any CPU
		{359F22D9-70C1-4D7A-A779-CD0E69699793}.Release|Any CPU.ActiveCfg = Release|Any CPU
		{359F22D9-70C1-4D7A-A779-CD0E69699793}.Release|Any CPU.Build.0 = Release|Any CPU
		{359F22D9-70C1-4D7A-A779-CD0E69699793}.Release|x86.ActiveCfg = Release|Any CPU
		{952451B0-5B41-4634-9868-400DD72A36B5}.Debug|Any CPU.ActiveCfg = Debug|Any CPU
		{952451B0-5B41-4634-9868-400DD72A36B5}.Debug|Any CPU.Build.0 = Debug|Any CPU
		{952451B0-5B41-4634-9868-400DD72A36B5}.Debug|Any CPU.Deploy.0 = Debug|Any CPU
		{952451B0-5B41-4634-9868-400DD72A36B5}.Debug|x86.ActiveCfg = Debug|Any CPU
		{952451B0-5B41-4634-9868-400DD72A36B5}.Release|Any CPU.ActiveCfg = Release|Any CPU
		{952451B0-5B41-4634-9868-400DD72A36B5}.Release|Any CPU.Build.0 = Release|Any CPU
		{952451B0-5B41-4634-9868-400DD72A36B5}.Release|Any CPU.Deploy.0 = Release|Any CPU
		{952451B0-5B41-4634-9868-400DD72A36B5}.Release|x86.ActiveCfg = Release|Any CPU
	EndGlobalSection
	GlobalSection(SolutionProperties) = preSolution
		HideSolutionNode = FALSE
	EndGlobalSection
EndGlobal
